// !$*UTF8*$!
{
	archiveVersion = 1;
	classes = {
	};
	objectVersion = 56;
	objects = {

/* Begin PBXBuildFile section */
		4478128E2AC6037C00ADF9AA /* jfc_tech_documentation_ipadApp.swift in Sources */ = {isa = PBXBuildFile; fileRef = 4478128D2AC6037C00ADF9AA /* jfc_tech_documentation_ipadApp.swift */; };
		447812902AC6037C00ADF9AA /* ContentView.swift in Sources */ = {isa = PBXBuildFile; fileRef = 4478128F2AC6037C00ADF9AA /* ContentView.swift */; };
		447812922AC6038200ADF9AA /* Assets.xcassets in Resources */ = {isa = PBXBuildFile; fileRef = 447812912AC6038200ADF9AA /* Assets.xcassets */; };
		447812952AC6038200ADF9AA /* Preview Assets.xcassets in Resources */ = {isa = PBXBuildFile; fileRef = 447812942AC6038200ADF9AA /* Preview Assets.xcassets */; };
		447812A22AC6058500ADF9AA /* TitleText.swift in Sources */ = {isa = PBXBuildFile; fileRef = 447812A12AC6058500ADF9AA /* TitleText.swift */; };
		447812A42AC605B200ADF9AA /* DocText.swift in Sources */ = {isa = PBXBuildFile; fileRef = 447812A32AC605B200ADF9AA /* DocText.swift */; };
		447812A62AC605BE00ADF9AA /* PointText.swift in Sources */ = {isa = PBXBuildFile; fileRef = 447812A52AC605BE00ADF9AA /* PointText.swift */; };
		447812A82AC605D200ADF9AA /* CodeFrameText.swift in Sources */ = {isa = PBXBuildFile; fileRef = 447812A72AC605D200ADF9AA /* CodeFrameText.swift */; };
		447812AA2AC6063B00ADF9AA /* TextModifier.swift in Sources */ = {isa = PBXBuildFile; fileRef = 447812A92AC6063B00ADF9AA /* TextModifier.swift */; };
		447812AC2AC6067C00ADF9AA /* DocumentationViewModel.swift in Sources */ = {isa = PBXBuildFile; fileRef = 447812AB2AC6067C00ADF9AA /* DocumentationViewModel.swift */; };
		447812AE2AC606A200ADF9AA /* Document.swift in Sources */ = {isa = PBXBuildFile; fileRef = 447812AD2AC606A200ADF9AA /* Document.swift */; };
		447812B22AC607D400ADF9AA /* Template.swift in Sources */ = {isa = PBXBuildFile; fileRef = 447812B12AC607D400ADF9AA /* Template.swift */; };
		447812B42AC607FC00ADF9AA /* Introduction_01.swift in Sources */ = {isa = PBXBuildFile; fileRef = 447812B32AC607FC00ADF9AA /* Introduction_01.swift */; };
		447812B62AC6088600ADF9AA /* WhatYouShouldAlreadyKnow_02.swift in Sources */ = {isa = PBXBuildFile; fileRef = 447812B52AC6088600ADF9AA /* WhatYouShouldAlreadyKnow_02.swift */; };
		447812B82AC608BB00ADF9AA /* JavaScriptAndJava_03.swift in Sources */ = {isa = PBXBuildFile; fileRef = 447812B72AC608BB00ADF9AA /* JavaScriptAndJava_03.swift */; };
		447812BA2AC608EB00ADF9AA /* HelloWorld_04.swift in Sources */ = {isa = PBXBuildFile; fileRef = 447812B92AC608EB00ADF9AA /* HelloWorld_04.swift */; };
		447812BC2AC6091C00ADF9AA /* Variables_05.swift in Sources */ = {isa = PBXBuildFile; fileRef = 447812BB2AC6091C00ADF9AA /* Variables_05.swift */; };
		447812BE2AC6094700ADF9AA /* DeclaringVariables_06.swift in Sources */ = {isa = PBXBuildFile; fileRef = 447812BD2AC6094700ADF9AA /* DeclaringVariables_06.swift */; };
		447812C02AC6098400ADF9AA /* VariableScope_07.swift in Sources */ = {isa = PBXBuildFile; fileRef = 447812BF2AC6098400ADF9AA /* VariableScope_07.swift */; };
		447812C22AC609D900ADF9AA /* GlobalVariables_08.swift in Sources */ = {isa = PBXBuildFile; fileRef = 447812C12AC609D800ADF9AA /* GlobalVariables_08.swift */; };
		447812C42AC60A5900ADF9AA /* Constants_09.swift in Sources */ = {isa = PBXBuildFile; fileRef = 447812C32AC60A5900ADF9AA /* Constants_09.swift */; };
		447812C62AC60A7800ADF9AA /* DataTypes_10.swift in Sources */ = {isa = PBXBuildFile; fileRef = 447812C52AC60A7800ADF9AA /* DataTypes_10.swift */; };
		447812C82AC60A9300ADF9AA /* IfElseStatement_11.swift in Sources */ = {isa = PBXBuildFile; fileRef = 447812C72AC60A9300ADF9AA /* IfElseStatement_11.swift */; };
		447812CA2AC60AAD00ADF9AA /* WhileStatement_12.swift in Sources */ = {isa = PBXBuildFile; fileRef = 447812C92AC60AAD00ADF9AA /* WhileStatement_12.swift */; };
		447812CC2AC60AFA00ADF9AA /* FunctionDeclarations_13.swift in Sources */ = {isa = PBXBuildFile; fileRef = 447812CB2AC60AFA00ADF9AA /* FunctionDeclarations_13.swift */; };
		447812CE2AC60B5800ADF9AA /* Reference_14.swift in Sources */ = {isa = PBXBuildFile; fileRef = 447812CD2AC60B5800ADF9AA /* Reference_14.swift */; };
		447812D02AC60D5F00ADF9AA /* PointTextBlank.swift in Sources */ = {isa = PBXBuildFile; fileRef = 447812CF2AC60D5F00ADF9AA /* PointTextBlank.swift */; };
/* End PBXBuildFile section */

/* Begin PBXFileReference section */
		4478128A2AC6037C00ADF9AA /* jfc-tech-documentation-ipad.app */ = {isa = PBXFileReference; explicitFileType = wrapper.application; includeInIndex = 0; path = "jfc-tech-documentation-ipad.app"; sourceTree = BUILT_PRODUCTS_DIR; };
		4478128D2AC6037C00ADF9AA /* jfc_tech_documentation_ipadApp.swift */ = {isa = PBXFileReference; lastKnownFileType = sourcecode.swift; path = jfc_tech_documentation_ipadApp.swift; sourceTree = "<group>"; };
		4478128F2AC6037C00ADF9AA /* ContentView.swift */ = {isa = PBXFileReference; lastKnownFileType = sourcecode.swift; path = ContentView.swift; sourceTree = "<group>"; };
		447812912AC6038200ADF9AA /* Assets.xcassets */ = {isa = PBXFileReference; lastKnownFileType = folder.assetcatalog; path = Assets.xcassets; sourceTree = "<group>"; };
		447812942AC6038200ADF9AA /* Preview Assets.xcassets */ = {isa = PBXFileReference; lastKnownFileType = folder.assetcatalog; path = "Preview Assets.xcassets"; sourceTree = "<group>"; };
		447812A12AC6058500ADF9AA /* TitleText.swift */ = {isa = PBXFileReference; lastKnownFileType = sourcecode.swift; path = TitleText.swift; sourceTree = "<group>"; };
		447812A32AC605B200ADF9AA /* DocText.swift */ = {isa = PBXFileReference; lastKnownFileType = sourcecode.swift; path = DocText.swift; sourceTree = "<group>"; };
		447812A52AC605BE00ADF9AA /* PointText.swift */ = {isa = PBXFileReference; lastKnownFileType = sourcecode.swift; path = PointText.swift; sourceTree = "<group>"; };
		447812A72AC605D200ADF9AA /* CodeFrameText.swift */ = {isa = PBXFileReference; lastKnownFileType = sourcecode.swift; path = CodeFrameText.swift; sourceTree = "<group>"; };
		447812A92AC6063B00ADF9AA /* TextModifier.swift */ = {isa = PBXFileReference; lastKnownFileType = sourcecode.swift; path = TextModifier.swift; sourceTree = "<group>"; };
		447812AB2AC6067C00ADF9AA /* DocumentationViewModel.swift */ = {isa = PBXFileReference; lastKnownFileType = sourcecode.swift; path = DocumentationViewModel.swift; sourceTree = "<group>"; };
		447812AD2AC606A200ADF9AA /* Document.swift */ = {isa = PBXFileReference; lastKnownFileType = sourcecode.swift; path = Document.swift; sourceTree = "<group>"; };
		447812B12AC607D400ADF9AA /* Template.swift */ = {isa = PBXFileReference; lastKnownFileType = sourcecode.swift; path = Template.swift; sourceTree = "<group>"; };
		447812B32AC607FC00ADF9AA /* Introduction_01.swift */ = {isa = PBXFileReference; lastKnownFileType = sourcecode.swift; path = Introduction_01.swift; sourceTree = "<group>"; };
		447812B52AC6088600ADF9AA /* WhatYouShouldAlreadyKnow_02.swift */ = {isa = PBXFileReference; lastKnownFileType = sourcecode.swift; path = WhatYouShouldAlreadyKnow_02.swift; sourceTree = "<group>"; };
		447812B72AC608BB00ADF9AA /* JavaScriptAndJava_03.swift */ = {isa = PBXFileReference; lastKnownFileType = sourcecode.swift; path = JavaScriptAndJava_03.swift; sourceTree = "<group>"; };
		447812B92AC608EB00ADF9AA /* HelloWorld_04.swift */ = {isa = PBXFileReference; lastKnownFileType = sourcecode.swift; path = HelloWorld_04.swift; sourceTree = "<group>"; };
		447812BB2AC6091C00ADF9AA /* Variables_05.swift */ = {isa = PBXFileReference; lastKnownFileType = sourcecode.swift; path = Variables_05.swift; sourceTree = "<group>"; };
		447812BD2AC6094700ADF9AA /* DeclaringVariables_06.swift */ = {isa = PBXFileReference; lastKnownFileType = sourcecode.swift; path = DeclaringVariables_06.swift; sourceTree = "<group>"; };
		447812BF2AC6098400ADF9AA /* VariableScope_07.swift */ = {isa = PBXFileReference; lastKnownFileType = sourcecode.swift; path = VariableScope_07.swift; sourceTree = "<group>"; };
		447812C12AC609D800ADF9AA /* GlobalVariables_08.swift */ = {isa = PBXFileReference; lastKnownFileType = sourcecode.swift; path = GlobalVariables_08.swift; sourceTree = "<group>"; };
		447812C32AC60A5900ADF9AA /* Constants_09.swift */ = {isa = PBXFileReference; lastKnownFileType = sourcecode.swift; path = Constants_09.swift; sourceTree = "<group>"; };
		447812C52AC60A7800ADF9AA /* DataTypes_10.swift */ = {isa = PBXFileReference; lastKnownFileType = sourcecode.swift; path = DataTypes_10.swift; sourceTree = "<group>"; };
		447812C72AC60A9300ADF9AA /* IfElseStatement_11.swift */ = {isa = PBXFileReference; lastKnownFileType = sourcecode.swift; path = IfElseStatement_11.swift; sourceTree = "<group>"; };
		447812C92AC60AAD00ADF9AA /* WhileStatement_12.swift */ = {isa = PBXFileReference; lastKnownFileType = sourcecode.swift; path = WhileStatement_12.swift; sourceTree = "<group>"; };
		447812CB2AC60AFA00ADF9AA /* FunctionDeclarations_13.swift */ = {isa = PBXFileReference; lastKnownFileType = sourcecode.swift; path = FunctionDeclarations_13.swift; sourceTree = "<group>"; };
		447812CD2AC60B5800ADF9AA /* Reference_14.swift */ = {isa = PBXFileReference; lastKnownFileType = sourcecode.swift; path = Reference_14.swift; sourceTree = "<group>"; };
		447812CF2AC60D5F00ADF9AA /* PointTextBlank.swift */ = {isa = PBXFileReference; lastKnownFileType = sourcecode.swift; path = PointTextBlank.swift; sourceTree = "<group>"; };
/* End PBXFileReference section */

/* Begin PBXFrameworksBuildPhase section */
		447812872AC6037C00ADF9AA /* Frameworks */ = {
			isa = PBXFrameworksBuildPhase;
			buildActionMask = 2147483647;
			files = (
			);
			runOnlyForDeploymentPostprocessing = 0;
		};
/* End PBXFrameworksBuildPhase section */

/* Begin PBXGroup section */
		447812812AC6037C00ADF9AA = {
			isa = PBXGroup;
			children = (
				4478128C2AC6037C00ADF9AA /* jfc-tech-documentation-ipad */,
				4478128B2AC6037C00ADF9AA /* Products */,
			);
			sourceTree = "<group>";
		};
		4478128B2AC6037C00ADF9AA /* Products */ = {
			isa = PBXGroup;
			children = (
				4478128A2AC6037C00ADF9AA /* jfc-tech-documentation-ipad.app */,
			);
			name = Products;
			sourceTree = "<group>";
		};
		4478128C2AC6037C00ADF9AA /* jfc-tech-documentation-ipad */ = {
			isa = PBXGroup;
			children = (
				4478128D2AC6037C00ADF9AA /* jfc_tech_documentation_ipadApp.swift */,
				4478129B2AC6050100ADF9AA /* Components */,
				4478129C2AC6051600ADF9AA /* Data */,
				447812A02AC6053B00ADF9AA /* ViewModel */,
				4478129F2AC6053300ADF9AA /* View */,
				4478129E2AC6052B00ADF9AA /* Modifier */,
				4478129D2AC6051C00ADF9AA /* Model */,
				447812912AC6038200ADF9AA /* Assets.xcassets */,
				447812932AC6038200ADF9AA /* Preview Content */,
			);
			path = "jfc-tech-documentation-ipad";
			sourceTree = "<group>";
		};
		447812932AC6038200ADF9AA /* Preview Content */ = {
			isa = PBXGroup;
			children = (
				447812942AC6038200ADF9AA /* Preview Assets.xcassets */,
			);
			path = "Preview Content";
			sourceTree = "<group>";
		};
		4478129B2AC6050100ADF9AA /* Components */ = {
			isa = PBXGroup;
			children = (
				447812A12AC6058500ADF9AA /* TitleText.swift */,
				447812A32AC605B200ADF9AA /* DocText.swift */,
				447812A52AC605BE00ADF9AA /* PointText.swift */,
				447812CF2AC60D5F00ADF9AA /* PointTextBlank.swift */,
				447812A72AC605D200ADF9AA /* CodeFrameText.swift */,
			);
			path = Components;
			sourceTree = "<group>";
		};
		4478129C2AC6051600ADF9AA /* Data */ = {
			isa = PBXGroup;
			children = (
				447812B12AC607D400ADF9AA /* Template.swift */,
				447812B32AC607FC00ADF9AA /* Introduction_01.swift */,
				447812B52AC6088600ADF9AA /* WhatYouShouldAlreadyKnow_02.swift */,
				447812B72AC608BB00ADF9AA /* JavaScriptAndJava_03.swift */,
				447812B92AC608EB00ADF9AA /* HelloWorld_04.swift */,
				447812BB2AC6091C00ADF9AA /* Variables_05.swift */,
				447812BD2AC6094700ADF9AA /* DeclaringVariables_06.swift */,
				447812BF2AC6098400ADF9AA /* VariableScope_07.swift */,
				447812C12AC609D800ADF9AA /* GlobalVariables_08.swift */,
				447812C32AC60A5900ADF9AA /* Constants_09.swift */,
				447812C52AC60A7800ADF9AA /* DataTypes_10.swift */,
				447812C72AC60A9300ADF9AA /* IfElseStatement_11.swift */,
				447812C92AC60AAD00ADF9AA /* WhileStatement_12.swift */,
				447812CB2AC60AFA00ADF9AA /* FunctionDeclarations_13.swift */,
				447812CD2AC60B5800ADF9AA /* Reference_14.swift */,
			);
			path = Data;
			sourceTree = "<group>";
		};
		4478129D2AC6051C00ADF9AA /* Model */ = {
			isa = PBXGroup;
			children = (
				447812AD2AC606A200ADF9AA /* Document.swift */,
			);
			path = Model;
			sourceTree = "<group>";
		};
		4478129E2AC6052B00ADF9AA /* Modifier */ = {
			isa = PBXGroup;
			children = (
				447812A92AC6063B00ADF9AA /* TextModifier.swift */,
			);
			path = Modifier;
			sourceTree = "<group>";
		};
		4478129F2AC6053300ADF9AA /* View */ = {
			isa = PBXGroup;
			children = (
				4478128F2AC6037C00ADF9AA /* ContentView.swift */,
			);
			path = View;
			sourceTree = "<group>";
		};
		447812A02AC6053B00ADF9AA /* ViewModel */ = {
			isa = PBXGroup;
			children = (
				447812AB2AC6067C00ADF9AA /* DocumentationViewModel.swift */,
			);
			path = ViewModel;
			sourceTree = "<group>";
		};
/* End PBXGroup section */

/* Begin PBXNativeTarget section */
		447812892AC6037C00ADF9AA /* jfc-tech-documentation-ipad */ = {
			isa = PBXNativeTarget;
			buildConfigurationList = 447812982AC6038200ADF9AA /* Build configuration list for PBXNativeTarget "jfc-tech-documentation-ipad" */;
			buildPhases = (
				447812862AC6037C00ADF9AA /* Sources */,
				447812872AC6037C00ADF9AA /* Frameworks */,
				447812882AC6037C00ADF9AA /* Resources */,
			);
			buildRules = (
			);
			dependencies = (
			);
			name = "jfc-tech-documentation-ipad";
			productName = "jfc-tech-documentation-ipad";
			productReference = 4478128A2AC6037C00ADF9AA /* jfc-tech-documentation-ipad.app */;
			productType = "com.apple.product-type.application";
		};
/* End PBXNativeTarget section */

/* Begin PBXProject section */
		447812822AC6037C00ADF9AA /* Project object */ = {
			isa = PBXProject;
			attributes = {
				BuildIndependentTargetsInParallel = 1;
				LastSwiftUpdateCheck = 1500;
				LastUpgradeCheck = 1500;
				TargetAttributes = {
					447812892AC6037C00ADF9AA = {
						CreatedOnToolsVersion = 15.0;
					};
				};
			};
			buildConfigurationList = 447812852AC6037C00ADF9AA /* Build configuration list for PBXProject "jfc-tech-documentation-ipad" */;
			compatibilityVersion = "Xcode 14.0";
			developmentRegion = en;
			hasScannedForEncodings = 0;
			knownRegions = (
				en,
				Base,
			);
			mainGroup = 447812812AC6037C00ADF9AA;
			productRefGroup = 4478128B2AC6037C00ADF9AA /* Products */;
			projectDirPath = "";
			projectRoot = "";
			targets = (
				447812892AC6037C00ADF9AA /* jfc-tech-documentation-ipad */,
			);
		};
/* End PBXProject section */

/* Begin PBXResourcesBuildPhase section */
		447812882AC6037C00ADF9AA /* Resources */ = {
			isa = PBXResourcesBuildPhase;
			buildActionMask = 2147483647;
			files = (
				447812952AC6038200ADF9AA /* Preview Assets.xcassets in Resources */,
				447812922AC6038200ADF9AA /* Assets.xcassets in Resources */,
			);
			runOnlyForDeploymentPostprocessing = 0;
		};
/* End PBXResourcesBuildPhase section */

/* Begin PBXSourcesBuildPhase section */
		447812862AC6037C00ADF9AA /* Sources */ = {
			isa = PBXSourcesBuildPhase;
			buildActionMask = 2147483647;
			files = (
				447812C62AC60A7800ADF9AA /* DataTypes_10.swift in Sources */,
				447812B42AC607FC00ADF9AA /* Introduction_01.swift in Sources */,
				447812A62AC605BE00ADF9AA /* PointText.swift in Sources */,
				447812C42AC60A5900ADF9AA /* Constants_09.swift in Sources */,
				447812902AC6037C00ADF9AA /* ContentView.swift in Sources */,
				447812A22AC6058500ADF9AA /* TitleText.swift in Sources */,
				447812BC2AC6091C00ADF9AA /* Variables_05.swift in Sources */,
				447812CC2AC60AFA00ADF9AA /* FunctionDeclarations_13.swift in Sources */,
				447812CE2AC60B5800ADF9AA /* Reference_14.swift in Sources */,
				447812A82AC605D200ADF9AA /* CodeFrameText.swift in Sources */,
				4478128E2AC6037C00ADF9AA /* jfc_tech_documentation_ipadApp.swift in Sources */,
				447812B82AC608BB00ADF9AA /* JavaScriptAndJava_03.swift in Sources */,
				447812BA2AC608EB00ADF9AA /* HelloWorld_04.swift in Sources */,
				447812B22AC607D400ADF9AA /* Template.swift in Sources */,
				447812CA2AC60AAD00ADF9AA /* WhileStatement_12.swift in Sources */,
				447812AE2AC606A200ADF9AA /* Document.swift in Sources */,
				447812AC2AC6067C00ADF9AA /* DocumentationViewModel.swift in Sources */,
				447812AA2AC6063B00ADF9AA /* TextModifier.swift in Sources */,
				447812BE2AC6094700ADF9AA /* DeclaringVariables_06.swift in Sources */,
				447812D02AC60D5F00ADF9AA /* PointTextBlank.swift in Sources */,
				447812C02AC6098400ADF9AA /* VariableScope_07.swift in Sources */,
				447812B62AC6088600ADF9AA /* WhatYouShouldAlreadyKnow_02.swift in Sources */,
				447812C22AC609D900ADF9AA /* GlobalVariables_08.swift in Sources */,
				447812A42AC605B200ADF9AA /* DocText.swift in Sources */,
				447812C82AC60A9300ADF9AA /* IfElseStatement_11.swift in Sources */,
			);
			runOnlyForDeploymentPostprocessing = 0;
		};
/* End PBXSourcesBuildPhase section */

/* Begin XCBuildConfiguration section */
		447812962AC6038200ADF9AA /* Debug */ = {
			isa = XCBuildConfiguration;
			buildSettings = {
				ALWAYS_SEARCH_USER_PATHS = NO;
				ASSETCATALOG_COMPILER_GENERATE_SWIFT_ASSET_SYMBOL_EXTENSIONS = YES;
				CLANG_ANALYZER_NONNULL = YES;
				CLANG_ANALYZER_NUMBER_OBJECT_CONVERSION = YES_AGGRESSIVE;
				CLANG_CXX_LANGUAGE_STANDARD = "gnu++20";
				CLANG_ENABLE_MODULES = YES;
				CLANG_ENABLE_OBJC_ARC = YES;
				CLANG_ENABLE_OBJC_WEAK = YES;
				CLANG_WARN_BLOCK_CAPTURE_AUTORELEASING = YES;
				CLANG_WARN_BOOL_CONVERSION = YES;
				CLANG_WARN_COMMA = YES;
				CLANG_WARN_CONSTANT_CONVERSION = YES;
				CLANG_WARN_DEPRECATED_OBJC_IMPLEMENTATIONS = YES;
				CLANG_WARN_DIRECT_OBJC_ISA_USAGE = YES_ERROR;
				CLANG_WARN_DOCUMENTATION_COMMENTS = YES;
				CLANG_WARN_EMPTY_BODY = YES;
				CLANG_WARN_ENUM_CONVERSION = YES;
				CLANG_WARN_INFINITE_RECURSION = YES;
				CLANG_WARN_INT_CONVERSION = YES;
				CLANG_WARN_NON_LITERAL_NULL_CONVERSION = YES;
				CLANG_WARN_OBJC_IMPLICIT_RETAIN_SELF = YES;
				CLANG_WARN_OBJC_LITERAL_CONVERSION = YES;
				CLANG_WARN_OBJC_ROOT_CLASS = YES_ERROR;
				CLANG_WARN_QUOTED_INCLUDE_IN_FRAMEWORK_HEADER = YES;
				CLANG_WARN_RANGE_LOOP_ANALYSIS = YES;
				CLANG_WARN_STRICT_PROTOTYPES = YES;
				CLANG_WARN_SUSPICIOUS_MOVE = YES;
				CLANG_WARN_UNGUARDED_AVAILABILITY = YES_AGGRESSIVE;
				CLANG_WARN_UNREACHABLE_CODE = YES;
				CLANG_WARN__DUPLICATE_METHOD_MATCH = YES;
				COPY_PHASE_STRIP = NO;
				DEBUG_INFORMATION_FORMAT = dwarf;
				ENABLE_STRICT_OBJC_MSGSEND = YES;
				ENABLE_TESTABILITY = YES;
				ENABLE_USER_SCRIPT_SANDBOXING = YES;
				GCC_C_LANGUAGE_STANDARD = gnu17;
				GCC_DYNAMIC_NO_PIC = NO;
				GCC_NO_COMMON_BLOCKS = YES;
				GCC_OPTIMIZATION_LEVEL = 0;
				GCC_PREPROCESSOR_DEFINITIONS = (
					"DEBUG=1",
					"$(inherited)",
				);
				GCC_WARN_64_TO_32_BIT_CONVERSION = YES;
				GCC_WARN_ABOUT_RETURN_TYPE = YES_ERROR;
				GCC_WARN_UNDECLARED_SELECTOR = YES;
				GCC_WARN_UNINITIALIZED_AUTOS = YES_AGGRESSIVE;
				GCC_WARN_UNUSED_FUNCTION = YES;
				GCC_WARN_UNUSED_VARIABLE = YES;
				IPHONEOS_DEPLOYMENT_TARGET = 17.0;
				LOCALIZATION_PREFERS_STRING_CATALOGS = YES;
				MTL_ENABLE_DEBUG_INFO = INCLUDE_SOURCE;
				MTL_FAST_MATH = YES;
				ONLY_ACTIVE_ARCH = YES;
				SDKROOT = iphoneos;
				SWIFT_ACTIVE_COMPILATION_CONDITIONS = "DEBUG $(inherited)";
				SWIFT_OPTIMIZATION_LEVEL = "-Onone";
			};
			name = Debug;
		};
		447812972AC6038200ADF9AA /* Release */ = {
			isa = XCBuildConfiguration;
			buildSettings = {
				ALWAYS_SEARCH_USER_PATHS = NO;
				ASSETCATALOG_COMPILER_GENERATE_SWIFT_ASSET_SYMBOL_EXTENSIONS = YES;
				CLANG_ANALYZER_NONNULL = YES;
				CLANG_ANALYZER_NUMBER_OBJECT_CONVERSION = YES_AGGRESSIVE;
				CLANG_CXX_LANGUAGE_STANDARD = "gnu++20";
				CLANG_ENABLE_MODULES = YES;
				CLANG_ENABLE_OBJC_ARC = YES;
				CLANG_ENABLE_OBJC_WEAK = YES;
				CLANG_WARN_BLOCK_CAPTURE_AUTORELEASING = YES;
				CLANG_WARN_BOOL_CONVERSION = YES;
				CLANG_WARN_COMMA = YES;
				CLANG_WARN_CONSTANT_CONVERSION = YES;
				CLANG_WARN_DEPRECATED_OBJC_IMPLEMENTATIONS = YES;
				CLANG_WARN_DIRECT_OBJC_ISA_USAGE = YES_ERROR;
				CLANG_WARN_DOCUMENTATION_COMMENTS = YES;
				CLANG_WARN_EMPTY_BODY = YES;
				CLANG_WARN_ENUM_CONVERSION = YES;
				CLANG_WARN_INFINITE_RECURSION = YES;
				CLANG_WARN_INT_CONVERSION = YES;
				CLANG_WARN_NON_LITERAL_NULL_CONVERSION = YES;
				CLANG_WARN_OBJC_IMPLICIT_RETAIN_SELF = YES;
				CLANG_WARN_OBJC_LITERAL_CONVERSION = YES;
				CLANG_WARN_OBJC_ROOT_CLASS = YES_ERROR;
				CLANG_WARN_QUOTED_INCLUDE_IN_FRAMEWORK_HEADER = YES;
				CLANG_WARN_RANGE_LOOP_ANALYSIS = YES;
				CLANG_WARN_STRICT_PROTOTYPES = YES;
				CLANG_WARN_SUSPICIOUS_MOVE = YES;
				CLANG_WARN_UNGUARDED_AVAILABILITY = YES_AGGRESSIVE;
				CLANG_WARN_UNREACHABLE_CODE = YES;
				CLANG_WARN__DUPLICATE_METHOD_MATCH = YES;
				COPY_PHASE_STRIP = NO;
				DEBUG_INFORMATION_FORMAT = "dwarf-with-dsym";
				ENABLE_NS_ASSERTIONS = NO;
				ENABLE_STRICT_OBJC_MSGSEND = YES;
				ENABLE_USER_SCRIPT_SANDBOXING = YES;
				GCC_C_LANGUAGE_STANDARD = gnu17;
				GCC_NO_COMMON_BLOCKS = YES;
				GCC_WARN_64_TO_32_BIT_CONVERSION = YES;
				GCC_WARN_ABOUT_RETURN_TYPE = YES_ERROR;
				GCC_WARN_UNDECLARED_SELECTOR = YES;
				GCC_WARN_UNINITIALIZED_AUTOS = YES_AGGRESSIVE;
				GCC_WARN_UNUSED_FUNCTION = YES;
				GCC_WARN_UNUSED_VARIABLE = YES;
				IPHONEOS_DEPLOYMENT_TARGET = 17.0;
				LOCALIZATION_PREFERS_STRING_CATALOGS = YES;
				MTL_ENABLE_DEBUG_INFO = NO;
				MTL_FAST_MATH = YES;
				SDKROOT = iphoneos;
				SWIFT_COMPILATION_MODE = wholemodule;
				VALIDATE_PRODUCT = YES;
			};
			name = Release;
		};
		447812992AC6038200ADF9AA /* Debug */ = {
			isa = XCBuildConfiguration;
			buildSettings = {
				ASSETCATALOG_COMPILER_APPICON_NAME = AppIcon;
				ASSETCATALOG_COMPILER_GLOBAL_ACCENT_COLOR_NAME = AccentColor;
				CODE_SIGN_STYLE = Automatic;
				CURRENT_PROJECT_VERSION = 1;
				DEVELOPMENT_ASSET_PATHS = "\"jfc-tech-documentation-ipad/Preview Content\"";
				DEVELOPMENT_TEAM = WJ82JM369V;
				ENABLE_PREVIEWS = YES;
				GENERATE_INFOPLIST_FILE = YES;
				INFOPLIST_KEY_UIApplicationSceneManifest_Generation = YES;
				INFOPLIST_KEY_UIApplicationSupportsIndirectInputEvents = YES;
				INFOPLIST_KEY_UILaunchScreen_Generation = YES;
				INFOPLIST_KEY_UISupportedInterfaceOrientations_iPad = "UIInterfaceOrientationPortrait UIInterfaceOrientationPortraitUpsideDown UIInterfaceOrientationLandscapeLeft UIInterfaceOrientationLandscapeRight";
				INFOPLIST_KEY_UISupportedInterfaceOrientations_iPhone = "UIInterfaceOrientationPortrait UIInterfaceOrientationLandscapeLeft UIInterfaceOrientationLandscapeRight";
				LD_RUNPATH_SEARCH_PATHS = (
					"$(inherited)",
					"@executable_path/Frameworks",
				);
				MARKETING_VERSION = 1.0;
				PRODUCT_BUNDLE_IDENTIFIER = "com.bershee.jfc-tech-documentation-ipad";
				PRODUCT_NAME = "$(TARGET_NAME)";
				SWIFT_EMIT_LOC_STRINGS = YES;
				SWIFT_VERSION = 5.0;
				TARGETED_DEVICE_FAMILY = "1,2";
			};
			name = Debug;
		};
		4478129A2AC6038200ADF9AA /* Release */ = {
			isa = XCBuildConfiguration;
			buildSettings = {
				ASSETCATALOG_COMPILER_APPICON_NAME = AppIcon;
				ASSETCATALOG_COMPILER_GLOBAL_ACCENT_COLOR_NAME = AccentColor;
				CODE_SIGN_STYLE = Automatic;
				CURRENT_PROJECT_VERSION = 1;
				DEVELOPMENT_ASSET_PATHS = "\"jfc-tech-documentation-ipad/Preview Content\"";
				DEVELOPMENT_TEAM = WJ82JM369V;
				ENABLE_PREVIEWS = YES;
				GENERATE_INFOPLIST_FILE = YES;
				INFOPLIST_KEY_UIApplicationSceneManifest_Generation = YES;
				INFOPLIST_KEY_UIApplicationSupportsIndirectInputEvents = YES;
				INFOPLIST_KEY_UILaunchScreen_Generation = YES;
				INFOPLIST_KEY_UISupportedInterfaceOrientations_iPad = "UIInterfaceOrientationPortrait UIInterfaceOrientationPortraitUpsideDown UIInterfaceOrientationLandscapeLeft UIInterfaceOrientationLandscapeRight";
				INFOPLIST_KEY_UISupportedInterfaceOrientations_iPhone = "UIInterfaceOrientationPortrait UIInterfaceOrientationLandscapeLeft UIInterfaceOrientationLandscapeRight";
				LD_RUNPATH_SEARCH_PATHS = (
					"$(inherited)",
					"@executable_path/Frameworks",
				);
				MARKETING_VERSION = 1.0;
				PRODUCT_BUNDLE_IDENTIFIER = "com.bershee.jfc-tech-documentation-ipad";
				PRODUCT_NAME = "$(TARGET_NAME)";
				SWIFT_EMIT_LOC_STRINGS = YES;
				SWIFT_VERSION = 5.0;
				TARGETED_DEVICE_FAMILY = "1,2";
			};
			name = Release;
		};
/* End XCBuildConfiguration section */

/* Begin XCConfigurationList section */
		447812852AC6037C00ADF9AA /* Build configuration list for PBXProject "jfc-tech-documentation-ipad" */ = {
			isa = XCConfigurationList;
			buildConfigurations = (
				447812962AC6038200ADF9AA /* Debug */,
				447812972AC6038200ADF9AA /* Release */,
			);
			defaultConfigurationIsVisible = 0;
			defaultConfigurationName = Release;
		};
		447812982AC6038200ADF9AA /* Build configuration list for PBXNativeTarget "jfc-tech-documentation-ipad" */ = {
			isa = XCConfigurationList;
			buildConfigurations = (
				447812992AC6038200ADF9AA /* Debug */,
				4478129A2AC6038200ADF9AA /* Release */,
			);
			defaultConfigurationIsVisible = 0;
			defaultConfigurationName = Release;
		};
/* End XCConfigurationList section */
	};
	rootObject = 447812822AC6037C00ADF9AA /* Project object */;
}
